
Microsoft Visual Studio Solution File, Format Version 11.00
# Visual Studio 2010
Project("{8BC9CEB8-8B4A-11D0-8D11-00A0C91BC942}") = "MFC_File", "MFC_File\MFC_File.vcxproj", "{DA32D69F-D23A-4871-BB8F-354BBE50450A}"
EndProject
Global
	GlobalSection(SolutionConfigurationPlatforms) = preSolution
		Debug|Win32 = Debug|Win32
		Release|Win32 = Release|Win32
	EndGlobalSection
	GlobalSection(ProjectConfigurationPlatforms) = postSolution
		{DA32D69F-D23A-4871-BB8F-354BBE50450A}.Debug|Win32.ActiveCfg = Debug|Win32
		{DA32D69F-D23A-4871-BB8F-354BBE50450A}.Debug|Win32.Build.0 = Debug|Win32
		{DA32D69F-D23A-4871-BB8F-354BBE50450A}.Release|Win32.ActiveCfg = Release|Win32
		{DA32D69F-D23A-4871-BB8F-354BBE50450A}.Release|Win32.Build.0 = Release|Win32
	EndGlobalSection
	GlobalSection(SolutionProperties) = preSolution
		HideSolutionNode = FALSE
	EndGlobalSection
EndGlobal
